
Microsoft Visual Studio Solution File, Format Version 12.00
# Visual Studio Version 17
VisualStudioVersion = 17.9.34616.47
MinimumVisualStudioVersion = 10.0.40219.1
Project("{FAE04EC0-301F-11D3-BF4B-00C04F79EFBC}") = "practica4._1", "practica4._1\practica4._1.csproj", "{56CADEC3-2D3C-4600-996A-1454C69FF725}"
EndProject
Global
	GlobalSection(SolutionConfigurationPlatforms) = preSolution
		Debug|Any CPU = Debug|Any CPU
		Release|Any CPU = Release|Any CPU
	EndGlobalSection
	GlobalSection(ProjectConfigurationPlatforms) = postSolution
		{56CADEC3-2D3C-4600-996A-1454C69FF725}.Debug|Any CPU.ActiveCfg = Debug|Any CPU
		{56CADEC3-2D3C-4600-996A-1454C69FF725}.Debug|Any CPU.Build.0 = Debug|Any CPU
		{56CADEC3-2D3C-4600-996A-1454C69FF725}.Release|Any CPU.ActiveCfg = Release|Any CPU
		{56CADEC3-2D3C-4600-996A-1454C69FF725}.Release|Any CPU.Build.0 = Release|Any CPU
	EndGlobalSection
	GlobalSection(SolutionProperties) = preSolution
		HideSolutionNode = FALSE
	EndGlobalSection
	GlobalSection(ExtensibilityGlobals) = postSolution
		SolutionGuid = {6CAEC20A-B858-46C2-96B7-8C9286CBC98A}
	EndGlobalSection
EndGlobal
